{
  "nodes": {
    "firefox": {
      "flake": false,
      "locked": {
        "lastModified": 1638194558,
        "narHash": "sha256-hwhYTft54aF++uLHahzSZ0EAymSvmLrss+wLPMkhRLo=",
        "owner": "rafaelmardojai",
        "repo": "firefox-gnome-theme",
        "rev": "336fdffa4e7eb855d38401aa0729a9b6fa2d9228",
        "type": "github"
      },
      "original": {
        "owner": "rafaelmardojai",
        "repo": "firefox-gnome-theme",
        "type": "github"
      }
    },
    "home": {
      "inputs": {
        "nixpkgs": [
          "nixpkgs"
        ]
      },
      "locked": {
        "lastModified": 1638267006,
        "narHash": "sha256-heZdDlD09rnoeEiZ4wKfbXNDkO5I9qVFvX9d790h/XE=",
        "owner": "nix-community",
        "repo": "home-manager",
        "rev": "3e93c4e8b2b479c712b7c20a428993b459118842",
        "type": "github"
      },
      "original": {
        "owner": "nix-community",
        "ref": "release-21.11",
        "repo": "home-manager",
        "type": "github"
      }
    },
    "impermanence": {
      "locked": {
        "lastModified": 1637278200,
        "narHash": "sha256-nwPBJpjHU8J0hhZ6l4Ytvi3qhcxXJVy4jOWurmzSv3A=",
        "owner": "nix-community",
        "repo": "impermanence",
        "rev": "0616c64b0ebcf08cc74db7820e74b807274246f6",
        "type": "github"
      },
      "original": {
        "owner": "nix-community",
        "repo": "impermanence",
        "type": "github"
      }
    },
    "nixpkgs": {
      "locked": {
        "lastModified": 1638279546,
        "narHash": "sha256-1KCwN7twjp1dBdp0jPgVdYFztDkCR8+roo0B34J9oBY=",
        "owner": "NixOS",
        "repo": "nixpkgs",
        "rev": "96b4157790fc96e70d6e6c115e3f34bba7be490f",
        "type": "github"
      },
      "original": {
        "owner": "NixOS",
        "ref": "nixos-21.11",
        "repo": "nixpkgs",
        "type": "github"
      }
    },
    "nur": {
      "locked": {
        "lastModified": 1638326608,
        "narHash": "sha256-GvFuldIoVXOuicAlkwQ8/ThpOMlHp77tuZj5QiLZ+IM=",
        "owner": "nix-community",
        "repo": "NUR",
        "rev": "296fb96cc3922c0071d9acdfb6e3e6ee2d64fa19",
        "type": "github"
      },
      "original": {
        "owner": "nix-community",
        "repo": "NUR",
        "type": "github"
      }
    },
    "root": {
      "inputs": {
        "firefox": "firefox",
        "home": "home",
        "impermanence": "impermanence",
        "nixpkgs": "nixpkgs",
        "nur": "nur",
        "sops": "sops",
        "unstable": "unstable",
        "zsh": "zsh"
      }
    },
    "sops": {
      "inputs": {
        "nixpkgs": [
          "nixpkgs"
        ]
      },
      "locked": {
        "lastModified": 1638188662,
        "narHash": "sha256-heLEbhH3W3GrtYDwacghCiO3g94QkJLW0LhErMWbT2g=",
        "owner": "Mic92",
        "repo": "sops-nix",
        "rev": "0e0dcc74bae23c7ef7fb6251c43c277b827e8c34",
        "type": "github"
      },
      "original": {
        "owner": "Mic92",
        "repo": "sops-nix",
        "type": "github"
      }
    },
    "unstable": {
      "locked": {
        "lastModified": 1638286143,
        "narHash": "sha256-A+rgjbIpz3uPRKHPXwdmouVcVn5pZqLnaZHymjkraG4=",
        "owner": "NixOS",
        "repo": "nixpkgs",
        "rev": "29d1f6e1f625d246dcf84a78ef97b4da3cafc6ea",
        "type": "github"
      },
      "original": {
        "owner": "NixOS",
        "ref": "nixos-unstable",
        "repo": "nixpkgs",
        "type": "github"
      }
    },
    "zsh": {
      "flake": false,
      "locked": {
        "lastModified": 1636857900,
        "narHash": "sha256-MeuPqDeJpbJi2hT7VUgyQNSmDPY/biUncvyY78IBfzM=",
        "owner": "zsh-users",
        "repo": "zsh-syntax-highlighting",
        "rev": "c7caf57ca805abd54f11f756fda6395dd4187f8a",
        "type": "github"
      },
      "original": {
        "owner": "zsh-users",
        "repo": "zsh-syntax-highlighting",
        "type": "github"
      }
    }
  },
  "root": "root",
  "version": 7
}
