{
  "nodes": {
    "firefox-theme": {
      "flake": false,
      "locked": {
        "lastModified": 1632687521,
        "narHash": "sha256-kyfzjwVp73xIofJ+1CxLocqSb9Or5nZjH123yNBFHoY=",
        "owner": "rafaelmardojai",
        "repo": "firefox-gnome-theme",
        "rev": "0b4065ff35e5034cd096fef8f3a5981dd751a48e",
        "type": "github"
      },
      "original": {
        "owner": "rafaelmardojai",
        "repo": "firefox-gnome-theme",
        "type": "github"
      }
    },
    "fonts": {
      "flake": false,
      "locked": {
        "lastModified": 1637132865,
        "narHash": "sha256-9WfFB1+kANgognwHuL264ns6ERf5UiQ/fxycqWrkkIQ=",
        "owner": "maydayv7",
        "repo": "fonts",
        "rev": "a606a4f1261f4cc7d04a38b0c2a68fcecb1ecda4",
        "type": "github"
      },
      "original": {
        "owner": "maydayv7",
        "repo": "fonts",
        "type": "github"
      }
    },
    "home-manager": {
      "inputs": {
        "nixpkgs": [
          "nixpkgs"
        ]
      },
      "locked": {
        "lastModified": 1637019201,
        "narHash": "sha256-lq4gz51fx4m5FXfx1SCB444aEBeaYtLMVm3P18Wi9ls=",
        "owner": "nix-community",
        "repo": "home-manager",
        "rev": "bcf03fa16a1f06b8a0abb27bf49afa8d6fffe8f1",
        "type": "github"
      },
      "original": {
        "owner": "nix-community",
        "ref": "release-21.05",
        "repo": "home-manager",
        "type": "github"
      }
    },
    "impermanence": {
      "locked": {
        "lastModified": 1637035934,
        "narHash": "sha256-fH953TOIiKwxs9XVUiRD+pKMaK1zNfcQtZJnNtAyLQk=",
        "owner": "nix-community",
        "repo": "impermanence",
        "rev": "26d69654e7d90e454f0215980ed17e405e850608",
        "type": "github"
      },
      "original": {
        "owner": "nix-community",
        "repo": "impermanence",
        "type": "github"
      }
    },
    "nixpkgs": {
      "locked": {
        "lastModified": 1636944046,
        "narHash": "sha256-74KLDsiWSBsYXKj/ql9EGbw1TbIJRE7clFkhl30HV/c=",
        "owner": "NixOS",
        "repo": "nixpkgs",
        "rev": "46251a79f752ae1d46ef733e8e9760b6d3429da4",
        "type": "github"
      },
      "original": {
        "owner": "NixOS",
        "ref": "nixos-21.05",
        "repo": "nixpkgs",
        "type": "github"
      }
    },
    "nur": {
      "locked": {
        "lastModified": 1637122188,
        "narHash": "sha256-52UiPwaB8PnzAnGZAtdrVeDwdnl0xt4cgQZVfGE9TlU=",
        "owner": "nix-community",
        "repo": "NUR",
        "rev": "3729f4bd9009fd1176d4b05e88818578cc6311d1",
        "type": "github"
      },
      "original": {
        "owner": "nix-community",
        "repo": "NUR",
        "type": "github"
      }
    },
    "plymouth": {
      "flake": false,
      "locked": {
        "lastModified": 1632738431,
        "narHash": "sha256-6BN4PEhKh92vq1ODGi2npwTBzD/LydI3lheiF6hIhFE=",
        "owner": "freedesktop",
        "repo": "plymouth",
        "rev": "bad6d41504e82e889a5aad3a72fa7d38216f4197",
        "type": "github"
      },
      "original": {
        "owner": "freedesktop",
        "repo": "plymouth",
        "type": "github"
      }
    },
    "root": {
      "inputs": {
        "firefox-theme": "firefox-theme",
        "fonts": "fonts",
        "home-manager": "home-manager",
        "impermanence": "impermanence",
        "nixpkgs": "nixpkgs",
        "nur": "nur",
        "plymouth": "plymouth",
        "secrets": "secrets",
        "unstable": "unstable",
        "zsh-syntax": "zsh-syntax"
      }
    },
    "secrets": {
      "flake": false,
      "locked": {
        "lastModified": 1636620590,
        "narHash": "sha256-ZE/dK0/+E/ngBlUclD5GeMrhzvMxqLqvGk+swajDAd8=",
        "owner": "maydayv7",
        "repo": "secrets",
        "rev": "fc0d7c7159b8c8e14475d96eeda1601623b06d57",
        "type": "github"
      },
      "original": {
        "owner": "maydayv7",
        "repo": "secrets",
        "type": "github"
      }
    },
    "unstable": {
      "locked": {
        "lastModified": 1636976544,
        "narHash": "sha256-9ZmdyoRz4Qu8bP5BKR1T10YbzcB9nvCeQjOEw2cRKR0=",
        "owner": "NixOS",
        "repo": "nixpkgs",
        "rev": "931ab058daa7e4cd539533963f95e2bb0dbd41e6",
        "type": "github"
      },
      "original": {
        "owner": "NixOS",
        "ref": "nixos-unstable",
        "repo": "nixpkgs",
        "type": "github"
      }
    },
    "zsh-syntax": {
      "flake": false,
      "locked": {
        "lastModified": 1636857900,
        "narHash": "sha256-MeuPqDeJpbJi2hT7VUgyQNSmDPY/biUncvyY78IBfzM=",
        "owner": "zsh-users",
        "repo": "zsh-syntax-highlighting",
        "rev": "c7caf57ca805abd54f11f756fda6395dd4187f8a",
        "type": "github"
      },
      "original": {
        "owner": "zsh-users",
        "repo": "zsh-syntax-highlighting",
        "type": "github"
      }
    }
  },
  "root": "root",
  "version": 7
}
