{
  "nodes": {
    "firefox-theme": {
      "flake": false,
      "locked": {
        "lastModified": 1632687521,
        "narHash": "sha256-kyfzjwVp73xIofJ+1CxLocqSb9Or5nZjH123yNBFHoY=",
        "owner": "rafaelmardojai",
        "repo": "firefox-gnome-theme",
        "rev": "0b4065ff35e5034cd096fef8f3a5981dd751a48e",
        "type": "github"
      },
      "original": {
        "owner": "rafaelmardojai",
        "repo": "firefox-gnome-theme",
        "type": "github"
      }
    },
    "home-manager": {
      "inputs": {
        "nixpkgs": [
          "nixpkgs"
        ]
      },
      "locked": {
        "lastModified": 1634544068,
        "narHash": "sha256-RlRQBaAHfdWqfRyHdWuDPMkplBTYwuyDQqDcNbP/Sog=",
        "owner": "nix-community",
        "repo": "home-manager",
        "rev": "ff2bed9dac84fb202bbb3c49fdcfe30c29d0b12f",
        "type": "github"
      },
      "original": {
        "owner": "nix-community",
        "ref": "release-21.05",
        "repo": "home-manager",
        "type": "github"
      }
    },
    "impermanence": {
      "locked": {
        "lastModified": 1635517258,
        "narHash": "sha256-8iV8f9eZ/5cE0DmG7VmNSiCqpe00yL5HbOO7nZJm1Oo=",
        "owner": "nix-community",
        "repo": "impermanence",
        "rev": "ce77ed9bd069e57a7a688d360196e576ca63a842",
        "type": "github"
      },
      "original": {
        "owner": "nix-community",
        "repo": "impermanence",
        "type": "github"
      }
    },
    "nixpkgs": {
      "locked": {
        "lastModified": 1636333654,
        "narHash": "sha256-3wh9PtCzcaJQuZrgZ+ygKfhltkDNNqT6zOzGsRbjZEo=",
        "owner": "NixOS",
        "repo": "nixpkgs",
        "rev": "e74894146a42ba552ebafa19ab2d1df7ccbc1738",
        "type": "github"
      },
      "original": {
        "owner": "NixOS",
        "ref": "nixos-21.05",
        "repo": "nixpkgs",
        "type": "github"
      }
    },
    "nur": {
      "locked": {
        "lastModified": 1636434235,
        "narHash": "sha256-ibh1ahmtKP2/H4PFYF/4lygxe0CpX5SLhKMHW/Lhfy4=",
        "owner": "nix-community",
        "repo": "NUR",
        "rev": "8d331cfe5ca61caabda1d1ff193470dc4e7ee4a6",
        "type": "github"
      },
      "original": {
        "owner": "nix-community",
        "repo": "NUR",
        "type": "github"
      }
    },
    "plymouth": {
      "flake": false,
      "locked": {
        "lastModified": 1632738431,
        "narHash": "sha256-6BN4PEhKh92vq1ODGi2npwTBzD/LydI3lheiF6hIhFE=",
        "owner": "freedesktop",
        "repo": "plymouth",
        "rev": "bad6d41504e82e889a5aad3a72fa7d38216f4197",
        "type": "github"
      },
      "original": {
        "owner": "freedesktop",
        "repo": "plymouth",
        "type": "github"
      }
    },
    "root": {
      "inputs": {
        "firefox-theme": "firefox-theme",
        "home-manager": "home-manager",
        "impermanence": "impermanence",
        "nixpkgs": "nixpkgs",
        "nur": "nur",
        "plymouth": "plymouth",
        "secrets": "secrets",
        "unstable": "unstable",
        "zsh-syntax": "zsh-syntax"
      }
    },
    "secrets": {
      "flake": false,
      "locked": {
        "lastModified": 1636515066,
        "narHash": "sha256-dBMS2BLTjGF3PeCvWKZGRJAkCgykS/fwi8SJ6IE4Ixw=",
        "owner": "maydayv7",
        "repo": "secrets",
        "rev": "c320de44d40b8f8046d51c34133ff5cce3f950bb",
        "type": "github"
      },
      "original": {
        "owner": "maydayv7",
        "repo": "secrets",
        "type": "github"
      }
    },
    "unstable": {
      "locked": {
        "lastModified": 1636267212,
        "narHash": "sha256-KDS173KqmqrYUPY9N4vf750GxIo+S6E0djyq2BsQm8s=",
        "owner": "NixOS",
        "repo": "nixpkgs",
        "rev": "c935f5e0add2cf0ae650d072c8357533e21b0c35",
        "type": "github"
      },
      "original": {
        "owner": "NixOS",
        "ref": "nixos-unstable",
        "repo": "nixpkgs",
        "type": "github"
      }
    },
    "zsh-syntax": {
      "flake": false,
      "locked": {
        "lastModified": 1632454857,
        "narHash": "sha256-vwtgFWEs51ZfrUbWmRjcHZz+WPMFUrSHfIt4FjrMOoU=",
        "owner": "zsh-users",
        "repo": "zsh-syntax-highlighting",
        "rev": "1a9264bc661b3d52756916bf9ec3f41687d64db2",
        "type": "github"
      },
      "original": {
        "owner": "zsh-users",
        "repo": "zsh-syntax-highlighting",
        "type": "github"
      }
    }
  },
  "root": "root",
  "version": 7
}
